
Microsoft Visual Studio Solution File, Format Version 12.00
# Visual Studio Version 17
VisualStudioVersion = 17.0.31606.5
MinimumVisualStudioVersion = 10.0.40219.1
Project("{FAE04EC0-301F-11D3-BF4B-00C04F79EFBC}") = "Api-GatewayEngine", "Api-GatewayEngine.csproj", "{DDAE41C1-972E-40B7-9089-3B53C9DCE352}"
EndProject
Global
	GlobalSection(SolutionConfigurationPlatforms) = preSolution
		Debug|Any CPU = Debug|Any CPU
		Release|Any CPU = Release|Any CPU
	EndGlobalSection
	GlobalSection(ProjectConfigurationPlatforms) = postSolution
		{DDAE41C1-972E-40B7-9089-3B53C9DCE352}.Debug|Any CPU.ActiveCfg = Debug|Any CPU
		{DDAE41C1-972E-40B7-9089-3B53C9DCE352}.Debug|Any CPU.Build.0 = Debug|Any CPU
		{DDAE41C1-972E-40B7-9089-3B53C9DCE352}.Release|Any CPU.ActiveCfg = Release|Any CPU
		{DDAE41C1-972E-40B7-9089-3B53C9DCE352}.Release|Any CPU.Build.0 = Release|Any CPU
	EndGlobalSection
	GlobalSection(SolutionProperties) = preSolution
		HideSolutionNode = FALSE
	EndGlobalSection
	GlobalSection(ExtensibilityGlobals) = postSolution
		SolutionGuid = {127207C9-06AA-4776-A611-1F8F495853B1}
	EndGlobalSection
EndGlobal
